uuid: ac272a98-03aa-4406-9b70-5088586283d0
langcode: en
status: true
dependencies:
  module:
    - cludo_search
    - system
  theme:
    - essex
id: cludosearchblock
theme: essex
region: hero_content
weight: 0
provider: null
plugin: cludo_search
settings:
  id: cludo_search
  label: Search
  label_display: visible
  provider: cludo_search
visibility:
  request_path:
    id: request_path
    negate: false
    pages: '<front>'
