uuid: 507d50f1-ba52-4052-89f5-4a52500f8a20
langcode: en
status: true
dependencies:
  module:
    - localgov_publications
    - node
  theme:
    - localgov_scarfolk
id: localgov_scarfolk_localgov_publications_toc_block
theme: localgov_scarfolk
region: sidebar_first
weight: 1
provider: null
plugin: localgov_publications_toc_block
settings:
  id: localgov_publications_toc_block
  label: 'On this page'
  label_display: visible
  provider: localgov_publications
  context_mapping:
    node: '@node.node_route_context:node'
visibility:
  'entity_bundle:node':
    id: 'entity_bundle:node'
    negate: false
    context_mapping:
      node: '@node.node_route_context:node'
    bundles:
      localgov_publication_page: localgov_publication_page
