uuid: ff30240f-ffcf-4fb8-b316-39d4bf6f1b41
langcode: en
status: true
dependencies:
  module:
    - localgov_guides
  theme:
    - ecc_theme_gov
id: ecc_theme_gov_guidesprevnextblock
theme: ecc_theme_gov
region: content_bottom
weight: -11
provider: null
plugin: localgov_guides_prev_next_block
settings:
  id: localgov_guides_prev_next_block
  label: 'Guides prev next block'
  label_display: '0'
  provider: localgov_guides
visibility: {  }
