uuid: bc67033b-c240-4900-8dea-85cc4a81a18b
langcode: en
status: true
dependencies:
  module:
    - localgov_guides
  theme:
    - ecc_theme
id: ecc_theme_guidesprevnextblock
theme: ecc_theme
region: content_bottom
weight: -11
provider: null
plugin: localgov_guides_prev_next_block
settings:
  id: localgov_guides_prev_next_block
  label: 'Guides prev next block'
  label_display: '0'
  provider: localgov_guides
visibility: {  }
